PODS:
  - AFNetworking (2.5.4):
    - AFNetworking/NSURLConnection (= 2.5.4)
    - AFNetworking/NSURLSession (= 2.5.4)
    - AFNetworking/Reachability (= 2.5.4)
    - AFNetworking/Security (= 2.5.4)
    - AFNetworking/Serialization (= 2.5.4)
    - AFNetworking/UIKit (= 2.5.4)
  - AFNetworking/NSURLConnection (2.5.4):
    - AFNetworking/Reachability
    - AFNetworking/Security
    - AFNetworking/Serialization
  - AFNetworking/NSURLSession (2.5.4):
    - AFNetworking/Reachability
    - AFNetworking/Security
    - AFNetworking/Serialization
  - AFNetworking/Reachability (2.5.4)
  - AFNetworking/Security (2.5.4)
  - AFNetworking/Serialization (2.5.4)
  - AFNetworking/UIKit (2.5.4):
    - AFNetworking/NSURLConnection
    - AFNetworking/NSURLSession
  - Alamofire (3.1.5)
  - NSHash (1.1.0)
  - Ono (1.2.2)
  - RESideMenu (4.0.7)
  - UIColor_Hex_Swift (2.1)

DEPENDENCIES:
  - AFNetworking (~> 2.5.4)
  - Alamofire (~> 3.1.2)
  - NSHash (~> 1.1.0)
  - Ono
  - RESideMenu (~> 4.0.7)
  - UIColor_Hex_Swift (~> 2.1)

SPEC CHECKSUMS:
  AFNetworking: 05edc0ac4c4c8cf57bcf4b84be5b0744b6d8e71e
  Alamofire: 5f730ba29fd113b7ddd71c1e65d0c630acf5d7b0
  NSHash: 61d598c6d48957c5557f1eef0aeafd6ef5ec5fb7
  Ono: 80b1c686777d3f6d5d5ce6fcac8a74afef4ca197
  RESideMenu: f24c508404b49c667344c54aba7e590883533958
  UIColor_Hex_Swift: e91dc51f6bf252ec7bf74c8704ceedeeb7640c1c

COCOAPODS: 0.39.0
